
Microsoft Visual Studio Solution File, Format Version 12.00
# Visual Studio Version 17
VisualStudioVersion = 17.14.37531.7 d17.14
MinimumVisualStudioVersion = 10.0.40219.1
Project("{FAE04EC0-301F-11D3-BF4B-00C04F79EFBC}") = "QuanLyNhaThuoc", "QuanLyNhaThuoc\QuanLyNhaThuoc.csproj", "{2934D5CA-D643-4ABE-9F36-874FA450506E}"
EndProject
Global
	GlobalSection(SolutionConfigurationPlatforms) = preSolution
		Debug|Any CPU = Debug|Any CPU
		Release|Any CPU = Release|Any CPU
	EndGlobalSection
	GlobalSection(ProjectConfigurationPlatforms) = postSolution
		{2934D5CA-D643-4ABE-9F36-874FA450506E}.Debug|Any CPU.ActiveCfg = Debug|Any CPU
		{2934D5CA-D643-4ABE-9F36-874FA450506E}.Debug|Any CPU.Build.0 = Debug|Any CPU
		{2934D5CA-D643-4ABE-9F36-874FA450506E}.Release|Any CPU.ActiveCfg = Release|Any CPU
		{2934D5CA-D643-4ABE-9F36-874FA450506E}.Release|Any CPU.Build.0 = Release|Any CPU
	EndGlobalSection
	GlobalSection(SolutionProperties) = preSolution
		HideSolutionNode = FALSE
	EndGlobalSection
	GlobalSection(ExtensibilityGlobals) = postSolution
		SolutionGuid = {15D3D8F0-E3FF-4A5B-9EA2-E50FE3E3F784}
	EndGlobalSection
EndGlobal
